// !$*UTF8*$!
{
	archiveVersion = 1;
	classes = {
	};
	objectVersion = 46;
	objects = {

/* Begin PBXBuildFile section */
		2C9A587F1C3A22040055EF06 /* CreatViewController.m in Sources */ = {isa = PBXBuildFile; fileRef = 2C9A587D1C3A22040055EF06 /* CreatViewController.m */; };
		2C9A58801C3A22040055EF06 /* CreatViewController.xib in Resources */ = {isa = PBXBuildFile; fileRef = 2C9A587E1C3A22040055EF06 /* CreatViewController.xib */; };
		2CF615BA1C321C5D00DD31B2 /* main.m in Sources */ = {isa = PBXBuildFile; fileRef = 2CF615B91C321C5D00DD31B2 /* main.m */; };
		2CF615BD1C321C5D00DD31B2 /* AppDelegate.m in Sources */ = {isa = PBXBuildFile; fileRef = 2CF615BC1C321C5D00DD31B2 /* AppDelegate.m */; };
		2CF615C01C321C5D00DD31B2 /* ViewController.m in Sources */ = {isa = PBXBuildFile; fileRef = 2CF615BF1C321C5D00DD31B2 /* ViewController.m */; };
		2CF615C31C321C5D00DD31B2 /* Main.storyboard in Resources */ = {isa = PBXBuildFile; fileRef = 2CF615C11C321C5D00DD31B2 /* Main.storyboard */; };
		2CF615C51C321C5D00DD31B2 /* Assets.xcassets in Resources */ = {isa = PBXBuildFile; fileRef = 2CF615C41C321C5D00DD31B2 /* Assets.xcassets */; };
		2CF615C81C321C5D00DD31B2 /* LaunchScreen.storyboard in Resources */ = {isa = PBXBuildFile; fileRef = 2CF615C61C321C5D00DD31B2 /* LaunchScreen.storyboard */; };
		2CF615D31C321C5D00DD31B2 /* _____Tests.m in Sources */ = {isa = PBXBuildFile; fileRef = 2CF615D21C321C5D00DD31B2 /* _____Tests.m */; };
		2CF615DE1C321C5D00DD31B2 /* _____UITests.m in Sources */ = {isa = PBXBuildFile; fileRef = 2CF615DD1C321C5D00DD31B2 /* _____UITests.m */; };
/* End PBXBuildFile section */

/* Begin PBXContainerItemProxy section */
		2CF615CF1C321C5D00DD31B2 /* PBXContainerItemProxy */ = {
			isa = PBXContainerItemProxy;
			containerPortal = 2CF615AD1C321C5D00DD31B2 /* Project object */;
			proxyType = 1;
			remoteGlobalIDString = 2CF615B41C321C5D00DD31B2;
			remoteInfo = "二维码扫描";
		};
		2CF615DA1C321C5D00DD31B2 /* PBXContainerItemProxy */ = {
			isa = PBXContainerItemProxy;
			containerPortal = 2CF615AD1C321C5D00DD31B2 /* Project object */;
			proxyType = 1;
			remoteGlobalIDString = 2CF615B41C321C5D00DD31B2;
			remoteInfo = "二维码扫描";
		};
/* End PBXContainerItemProxy section */

/* Begin PBXFileReference section */
		2C9A587C1C3A22040055EF06 /* CreatViewController.h */ = {isa = PBXFileReference; fileEncoding = 4; lastKnownFileType = sourcecode.c.h; path = CreatViewController.h; sourceTree = "<group>"; };
		2C9A587D1C3A22040055EF06 /* CreatViewController.m */ = {isa = PBXFileReference; fileEncoding = 4; lastKnownFileType = sourcecode.c.objc; path = CreatViewController.m; sourceTree = "<group>"; };
		2C9A587E1C3A22040055EF06 /* CreatViewController.xib */ = {isa = PBXFileReference; fileEncoding = 4; lastKnownFileType = file.xib; path = CreatViewController.xib; sourceTree = "<group>"; };
		2C9A58811C3A54BE0055EF06 /* zh-Hans */ = {isa = PBXFileReference; lastKnownFileType = text.plist.strings; name = "zh-Hans"; path = "zh-Hans.lproj/Main.strings"; sourceTree = "<group>"; };
		2C9A58821C3A54BF0055EF06 /* zh-Hans */ = {isa = PBXFileReference; lastKnownFileType = text.plist.strings; name = "zh-Hans"; path = "zh-Hans.lproj/LaunchScreen.strings"; sourceTree = "<group>"; };
		2CF615B51C321C5D00DD31B2 /* 二维码扫描.app */ = {isa = PBXFileReference; explicitFileType = wrapper.application; includeInIndex = 0; path = "二维码扫描.app"; sourceTree = BUILT_PRODUCTS_DIR; };
		2CF615B91C321C5D00DD31B2 /* main.m */ = {isa = PBXFileReference; lastKnownFileType = sourcecode.c.objc; path = main.m; sourceTree = "<group>"; };
		2CF615BB1C321C5D00DD31B2 /* AppDelegate.h */ = {isa = PBXFileReference; lastKnownFileType = sourcecode.c.h; path = AppDelegate.h; sourceTree = "<group>"; };
		2CF615BC1C321C5D00DD31B2 /* AppDelegate.m */ = {isa = PBXFileReference; lastKnownFileType = sourcecode.c.objc; path = AppDelegate.m; sourceTree = "<group>"; };
		2CF615BE1C321C5D00DD31B2 /* ViewController.h */ = {isa = PBXFileReference; lastKnownFileType = sourcecode.c.h; path = ViewController.h; sourceTree = "<group>"; };
		2CF615BF1C321C5D00DD31B2 /* ViewController.m */ = {isa = PBXFileReference; lastKnownFileType = sourcecode.c.objc; path = ViewController.m; sourceTree = "<group>"; };
		2CF615C21C321C5D00DD31B2 /* Base */ = {isa = PBXFileReference; lastKnownFileType = file.storyboard; name = Base; path = Base.lproj/Main.storyboard; sourceTree = "<group>"; };
		2CF615C41C321C5D00DD31B2 /* Assets.xcassets */ = {isa = PBXFileReference; lastKnownFileType = folder.assetcatalog; path = Assets.xcassets; sourceTree = "<group>"; };
		2CF615C71C321C5D00DD31B2 /* Base */ = {isa = PBXFileReference; lastKnownFileType = file.storyboard; name = Base; path = Base.lproj/LaunchScreen.storyboard; sourceTree = "<group>"; };
		2CF615C91C321C5D00DD31B2 /* Info.plist */ = {isa = PBXFileReference; lastKnownFileType = text.plist.xml; path = Info.plist; sourceTree = "<group>"; };
		2CF615CE1C321C5D00DD31B2 /* 二维码扫描Tests.xctest */ = {isa = PBXFileReference; explicitFileType = wrapper.cfbundle; includeInIndex = 0; path = "二维码扫描Tests.xctest"; sourceTree = BUILT_PRODUCTS_DIR; };
		2CF615D21C321C5D00DD31B2 /* _____Tests.m */ = {isa = PBXFileReference; lastKnownFileType = sourcecode.c.objc; path = "_____Tests.m"; sourceTree = "<group>"; };
		2CF615D41C321C5D00DD31B2 /* Info.plist */ = {isa = PBXFileReference; lastKnownFileType = text.plist.xml; path = Info.plist; sourceTree = "<group>"; };
		2CF615D91C321C5D00DD31B2 /* 二维码扫描UITests.xctest */ = {isa = PBXFileReference; explicitFileType = wrapper.cfbundle; includeInIndex = 0; path = "二维码扫描UITests.xctest"; sourceTree = BUILT_PRODUCTS_DIR; };
		2CF615DD1C321C5D00DD31B2 /* _____UITests.m */ = {isa = PBXFileReference; lastKnownFileType = sourcecode.c.objc; path = "_____UITests.m"; sourceTree = "<group>"; };
		2CF615DF1C321C5D00DD31B2 /* Info.plist */ = {isa = PBXFileReference; lastKnownFileType = text.plist.xml; path = Info.plist; sourceTree = "<group>"; };
/* End PBXFileReference section */

/* Begin PBXFrameworksBuildPhase section */
		2CF615B21C321C5D00DD31B2 /* Frameworks */ = {
			isa = PBXFrameworksBuildPhase;
			buildActionMask = 2147483647;
			files = (
			);
			runOnlyForDeploymentPostprocessing = 0;
		};
		2CF615CB1C321C5D00DD31B2 /* Frameworks */ = {
			isa = PBXFrameworksBuildPhase;
			buildActionMask = 2147483647;
			files = (
			);
			runOnlyForDeploymentPostprocessing = 0;
		};
		2CF615D61C321C5D00DD31B2 /* Frameworks */ = {
			isa = PBXFrameworksBuildPhase;
			buildActionMask = 2147483647;
			files = (
			);
			runOnlyForDeploymentPostprocessing = 0;
		};
/* End PBXFrameworksBuildPhase section */

/* Begin PBXGroup section */
		2CF615AC1C321C5D00DD31B2 = {
			isa = PBXGroup;
			children = (
				2CF615B71C321C5D00DD31B2 /* 二维码扫描 */,
				2CF615D11C321C5D00DD31B2 /* 二维码扫描Tests */,
				2CF615DC1C321C5D00DD31B2 /* 二维码扫描UITests */,
				2CF615B61C321C5D00DD31B2 /* Products */,
			);
			sourceTree = "<group>";
		};
		2CF615B61C321C5D00DD31B2 /* Products */ = {
			isa = PBXGroup;
			children = (
				2CF615B51C321C5D00DD31B2 /* 二维码扫描.app */,
				2CF615CE1C321C5D00DD31B2 /* 二维码扫描Tests.xctest */,
				2CF615D91C321C5D00DD31B2 /* 二维码扫描UITests.xctest */,
			);
			name = Products;
			sourceTree = "<group>";
		};
		2CF615B71C321C5D00DD31B2 /* 二维码扫描 */ = {
			isa = PBXGroup;
			children = (
				2CF615BB1C321C5D00DD31B2 /* AppDelegate.h */,
				2CF615BC1C321C5D00DD31B2 /* AppDelegate.m */,
				2CF615BE1C321C5D00DD31B2 /* ViewController.h */,
				2CF615BF1C321C5D00DD31B2 /* ViewController.m */,
				2C9A587C1C3A22040055EF06 /* CreatViewController.h */,
				2C9A587D1C3A22040055EF06 /* CreatViewController.m */,
				2C9A587E1C3A22040055EF06 /* CreatViewController.xib */,
				2CF615C11C321C5D00DD31B2 /* Main.storyboard */,
				2CF615C41C321C5D00DD31B2 /* Assets.xcassets */,
				2CF615C61C321C5D00DD31B2 /* LaunchScreen.storyboard */,
				2CF615C91C321C5D00DD31B2 /* Info.plist */,
				2CF615B81C321C5D00DD31B2 /* Supporting Files */,
			);
			path = "二维码扫描";
			sourceTree = "<group>";
		};
		2CF615B81C321C5D00DD31B2 /* Supporting Files */ = {
			isa = PBXGroup;
			children = (
				2CF615B91C321C5D00DD31B2 /* main.m */,
			);
			name = "Supporting Files";
			sourceTree = "<group>";
		};
		2CF615D11C321C5D00DD31B2 /* 二维码扫描Tests */ = {
			isa = PBXGroup;
			children = (
				2CF615D21C321C5D00DD31B2 /* _____Tests.m */,
				2CF615D41C321C5D00DD31B2 /* Info.plist */,
			);
			path = "二维码扫描Tests";
			sourceTree = "<group>";
		};
		2CF615DC1C321C5D00DD31B2 /* 二维码扫描UITests */ = {
			isa = PBXGroup;
			children = (
				2CF615DD1C321C5D00DD31B2 /* _____UITests.m */,
				2CF615DF1C321C5D00DD31B2 /* Info.plist */,
			);
			path = "二维码扫描UITests";
			sourceTree = "<group>";
		};
/* End PBXGroup section */

/* Begin PBXNativeTarget section */
		2CF615B41C321C5D00DD31B2 /* 二维码扫描 */ = {
			isa = PBXNativeTarget;
			buildConfigurationList = 2CF615E21C321C5D00DD31B2 /* Build configuration list for PBXNativeTarget "二维码扫描" */;
			buildPhases = (
				2CF615B11C321C5D00DD31B2 /* Sources */,
				2CF615B21C321C5D00DD31B2 /* Frameworks */,
				2CF615B31C321C5D00DD31B2 /* Resources */,
			);
			buildRules = (
			);
			dependencies = (
			);
			name = "二维码扫描";
			productName = "二维码扫描";
			productReference = 2CF615B51C321C5D00DD31B2 /* 二维码扫描.app */;
			productType = "com.apple.product-type.application";
		};
		2CF615CD1C321C5D00DD31B2 /* 二维码扫描Tests */ = {
			isa = PBXNativeTarget;
			buildConfigurationList = 2CF615E51C321C5D00DD31B2 /* Build configuration list for PBXNativeTarget "二维码扫描Tests" */;
			buildPhases = (
				2CF615CA1C321C5D00DD31B2 /* Sources */,
				2CF615CB1C321C5D00DD31B2 /* Frameworks */,
				2CF615CC1C321C5D00DD31B2 /* Resources */,
			);
			buildRules = (
			);
			dependencies = (
				2CF615D01C321C5D00DD31B2 /* PBXTargetDependency */,
			);
			name = "二维码扫描Tests";
			productName = "二维码扫描Tests";
			productReference = 2CF615CE1C321C5D00DD31B2 /* 二维码扫描Tests.xctest */;
			productType = "com.apple.product-type.bundle.unit-test";
		};
		2CF615D81C321C5D00DD31B2 /* 二维码扫描UITests */ = {
			isa = PBXNativeTarget;
			buildConfigurationList = 2CF615E81C321C5D00DD31B2 /* Build configuration list for PBXNativeTarget "二维码扫描UITests" */;
			buildPhases = (
				2CF615D51C321C5D00DD31B2 /* Sources */,
				2CF615D61C321C5D00DD31B2 /* Frameworks */,
				2CF615D71C321C5D00DD31B2 /* Resources */,
			);
			buildRules = (
			);
			dependencies = (
				2CF615DB1C321C5D00DD31B2 /* PBXTargetDependency */,
			);
			name = "二维码扫描UITests";
			productName = "二维码扫描UITests";
			productReference = 2CF615D91C321C5D00DD31B2 /* 二维码扫描UITests.xctest */;
			productType = "com.apple.product-type.bundle.ui-testing";
		};
/* End PBXNativeTarget section */

/* Begin PBXProject section */
		2CF615AD1C321C5D00DD31B2 /* Project object */ = {
			isa = PBXProject;
			attributes = {
				LastUpgradeCheck = 0720;
				ORGANIZATIONNAME = fairy;
				TargetAttributes = {
					2CF615B41C321C5D00DD31B2 = {
						CreatedOnToolsVersion = 7.2;
						DevelopmentTeam = P9NLCFSE5E;
					};
					2CF615CD1C321C5D00DD31B2 = {
						CreatedOnToolsVersion = 7.2;
						TestTargetID = 2CF615B41C321C5D00DD31B2;
					};
					2CF615D81C321C5D00DD31B2 = {
						CreatedOnToolsVersion = 7.2;
						TestTargetID = 2CF615B41C321C5D00DD31B2;
					};
				};
			};
			buildConfigurationList = 2CF615B01C321C5D00DD31B2 /* Build configuration list for PBXProject "二维码扫描" */;
			compatibilityVersion = "Xcode 3.2";
			developmentRegion = English;
			hasScannedForEncodings = 0;
			knownRegions = (
				en,
				Base,
			);
			mainGroup = 2CF615AC1C321C5D00DD31B2;
			productRefGroup = 2CF615B61C321C5D00DD31B2 /* Products */;
			projectDirPath = "";
			projectRoot = "";
			targets = (
				2CF615B41C321C5D00DD31B2 /* 二维码扫描 */,
				2CF615CD1C321C5D00DD31B2 /* 二维码扫描Tests */,
				2CF615D81C321C5D00DD31B2 /* 二维码扫描UITests */,
			);
		};
/* End PBXProject section */

/* Begin PBXResourcesBuildPhase section */
		2CF615B31C321C5D00DD31B2 /* Resources */ = {
			isa = PBXResourcesBuildPhase;
			buildActionMask = 2147483647;
			files = (
				2CF615C81C321C5D00DD31B2 /* LaunchScreen.storyboard in Resources */,
				2CF615C51C321C5D00DD31B2 /* Assets.xcassets in Resources */,
				2C9A58801C3A22040055EF06 /* CreatViewController.xib in Resources */,
				2CF615C31C321C5D00DD31B2 /* Main.storyboard in Resources */,
			);
			runOnlyForDeploymentPostprocessing = 0;
		};
		2CF615CC1C321C5D00DD31B2 /* Resources */ = {
			isa = PBXResourcesBuildPhase;
			buildActionMask = 2147483647;
			files = (
			);
			runOnlyForDeploymentPostprocessing = 0;
		};
		2CF615D71C321C5D00DD31B2 /* Resources */ = {
			isa = PBXResourcesBuildPhase;
			buildActionMask = 2147483647;
			files = (
			);
			runOnlyForDeploymentPostprocessing = 0;
		};
/* End PBXResourcesBuildPhase section */

/* Begin PBXSourcesBuildPhase section */
		2CF615B11C321C5D00DD31B2 /* Sources */ = {
			isa = PBXSourcesBuildPhase;
			buildActionMask = 2147483647;
			files = (
				2CF615C01C321C5D00DD31B2 /* ViewController.m in Sources */,
				2CF615BD1C321C5D00DD31B2 /* AppDelegate.m in Sources */,
				2C9A587F1C3A22040055EF06 /* CreatViewController.m in Sources */,
				2CF615BA1C321C5D00DD31B2 /* main.m in Sources */,
			);
			runOnlyForDeploymentPostprocessing = 0;
		};
		2CF615CA1C321C5D00DD31B2 /* Sources */ = {
			isa = PBXSourcesBuildPhase;
			buildActionMask = 2147483647;
			files = (
				2CF615D31C321C5D00DD31B2 /* _____Tests.m in Sources */,
			);
			runOnlyForDeploymentPostprocessing = 0;
		};
		2CF615D51C321C5D00DD31B2 /* Sources */ = {
			isa = PBXSourcesBuildPhase;
			buildActionMask = 2147483647;
			files = (
				2CF615DE1C321C5D00DD31B2 /* _____UITests.m in Sources */,
			);
			runOnlyForDeploymentPostprocessing = 0;
		};
/* End PBXSourcesBuildPhase section */

/* Begin PBXTargetDependency section */
		2CF615D01C321C5D00DD31B2 /* PBXTargetDependency */ = {
			isa = PBXTargetDependency;
			target = 2CF615B41C321C5D00DD31B2 /* 二维码扫描 */;
			targetProxy = 2CF615CF1C321C5D00DD31B2 /* PBXContainerItemProxy */;
		};
		2CF615DB1C321C5D00DD31B2 /* PBXTargetDependency */ = {
			isa = PBXTargetDependency;
			target = 2CF615B41C321C5D00DD31B2 /* 二维码扫描 */;
			targetProxy = 2CF615DA1C321C5D00DD31B2 /* PBXContainerItemProxy */;
		};
/* End PBXTargetDependency section */

/* Begin PBXVariantGroup section */
		2CF615C11C321C5D00DD31B2 /* Main.storyboard */ = {
			isa = PBXVariantGroup;
			children = (
				2CF615C21C321C5D00DD31B2 /* Base */,
				2C9A58811C3A54BE0055EF06 /* zh-Hans */,
			);
			name = Main.storyboard;
			sourceTree = "<group>";
		};
		2CF615C61C321C5D00DD31B2 /* LaunchScreen.storyboard */ = {
			isa = PBXVariantGroup;
			children = (
				2CF615C71C321C5D00DD31B2 /* Base */,
				2C9A58821C3A54BF0055EF06 /* zh-Hans */,
			);
			name = LaunchScreen.storyboard;
			sourceTree = "<group>";
		};
/* End PBXVariantGroup section */

/* Begin XCBuildConfiguration section */
		2CF615E01C321C5D00DD31B2 /* Debug */ = {
			isa = XCBuildConfiguration;
			buildSettings = {
				ALWAYS_SEARCH_USER_PATHS = NO;
				CLANG_CXX_LANGUAGE_STANDARD = "gnu++0x";
				CLANG_CXX_LIBRARY = "libc++";
				CLANG_ENABLE_MODULES = YES;
				CLANG_ENABLE_OBJC_ARC = YES;
				CLANG_WARN_BOOL_CONVERSION = YES;
				CLANG_WARN_CONSTANT_CONVERSION = YES;
				CLANG_WARN_DIRECT_OBJC_ISA_USAGE = YES_ERROR;
				CLANG_WARN_EMPTY_BODY = YES;
				CLANG_WARN_ENUM_CONVERSION = YES;
				CLANG_WARN_INT_CONVERSION = YES;
				CLANG_WARN_OBJC_ROOT_CLASS = YES_ERROR;
				CLANG_WARN_UNREACHABLE_CODE = YES;
				CLANG_WARN__DUPLICATE_METHOD_MATCH = YES;
				"CODE_SIGN_IDENTITY[sdk=iphoneos*]" = "iPhone Developer";
				COPY_PHASE_STRIP = NO;
				DEBUG_INFORMATION_FORMAT = dwarf;
				ENABLE_STRICT_OBJC_MSGSEND = YES;
				ENABLE_TESTABILITY = YES;
				GCC_C_LANGUAGE_STANDARD = gnu99;
				GCC_DYNAMIC_NO_PIC = NO;
				GCC_NO_COMMON_BLOCKS = YES;
				GCC_OPTIMIZATION_LEVEL = 0;
				GCC_PREPROCESSOR_DEFINITIONS = (
					"DEBUG=1",
					"$(inherited)",
				);
				GCC_WARN_64_TO_32_BIT_CONVERSION = YES;
				GCC_WARN_ABOUT_RETURN_TYPE = YES_ERROR;
				GCC_WARN_UNDECLARED_SELECTOR = YES;
				GCC_WARN_UNINITIALIZED_AUTOS = YES_AGGRESSIVE;
				GCC_WARN_UNUSED_FUNCTION = YES;
				GCC_WARN_UNUSED_VARIABLE = YES;
				IPHONEOS_DEPLOYMENT_TARGET = 9.2;
				MTL_ENABLE_DEBUG_INFO = YES;
				ONLY_ACTIVE_ARCH = YES;
				SDKROOT = iphoneos;
				TARGETED_DEVICE_FAMILY = "1,2";
			};
			name = Debug;
		};
		2CF615E11C321C5D00DD31B2 /* Release */ = {
			isa = XCBuildConfiguration;
			buildSettings = {
				ALWAYS_SEARCH_USER_PATHS = NO;
				CLANG_CXX_LANGUAGE_STANDARD = "gnu++0x";
				CLANG_CXX_LIBRARY = "libc++";
				CLANG_ENABLE_MODULES = YES;
				CLANG_ENABLE_OBJC_ARC = YES;
				CLANG_WARN_BOOL_CONVERSION = YES;
				CLANG_WARN_CONSTANT_CONVERSION = YES;
				CLANG_WARN_DIRECT_OBJC_ISA_USAGE = YES_ERROR;
				CLANG_WARN_EMPTY_BODY = YES;
				CLANG_WARN_ENUM_CONVERSION = YES;
				CLANG_WARN_INT_CONVERSION = YES;
				CLANG_WARN_OBJC_ROOT_CLASS = YES_ERROR;
				CLANG_WARN_UNREACHABLE_CODE = YES;
				CLANG_WARN__DUPLICATE_METHOD_MATCH = YES;
				"CODE_SIGN_IDENTITY[sdk=iphoneos*]" = "iPhone Developer";
				COPY_PHASE_STRIP = NO;
				DEBUG_INFORMATION_FORMAT = "dwarf-with-dsym";
				ENABLE_NS_ASSERTIONS = NO;
				ENABLE_STRICT_OBJC_MSGSEND = YES;
				GCC_C_LANGUAGE_STANDARD = gnu99;
				GCC_NO_COMMON_BLOCKS = YES;
				GCC_WARN_64_TO_32_BIT_CONVERSION = YES;
				GCC_WARN_ABOUT_RETURN_TYPE = YES_ERROR;
				GCC_WARN_UNDECLARED_SELECTOR = YES;
				GCC_WARN_UNINITIALIZED_AUTOS = YES_AGGRESSIVE;
				GCC_WARN_UNUSED_FUNCTION = YES;
				GCC_WARN_UNUSED_VARIABLE = YES;
				IPHONEOS_DEPLOYMENT_TARGET = 9.2;
				MTL_ENABLE_DEBUG_INFO = NO;
				SDKROOT = iphoneos;
				TARGETED_DEVICE_FAMILY = "1,2";
				VALIDATE_PRODUCT = YES;
			};
			name = Release;
		};
		2CF615E31C321C5D00DD31B2 /* Debug */ = {
			isa = XCBuildConfiguration;
			buildSettings = {
				ASSETCATALOG_COMPILER_APPICON_NAME = AppIcon;
				CODE_SIGN_IDENTITY = "iPhone Developer";
				"CODE_SIGN_IDENTITY[sdk=iphoneos*]" = "iPhone Developer";
				INFOPLIST_FILE = "二维码扫描/Info.plist";
				IPHONEOS_DEPLOYMENT_TARGET = 7.0;
				LD_RUNPATH_SEARCH_PATHS = "$(inherited) @executable_path/Frameworks";
				PRODUCT_BUNDLE_IDENTIFIER = com.fairy.123;
				PRODUCT_NAME = "$(TARGET_NAME)";
				PROVISIONING_PROFILE = "";
			};
			name = Debug;
		};
		2CF615E41C321C5D00DD31B2 /* Release */ = {
			isa = XCBuildConfiguration;
			buildSettings = {
				ASSETCATALOG_COMPILER_APPICON_NAME = AppIcon;
				CODE_SIGN_IDENTITY = "iPhone Developer";
				"CODE_SIGN_IDENTITY[sdk=iphoneos*]" = "iPhone Developer";
				INFOPLIST_FILE = "二维码扫描/Info.plist";
				IPHONEOS_DEPLOYMENT_TARGET = 7.0;
				LD_RUNPATH_SEARCH_PATHS = "$(inherited) @executable_path/Frameworks";
				PRODUCT_BUNDLE_IDENTIFIER = com.fairy.123;
				PRODUCT_NAME = "$(TARGET_NAME)";
				PROVISIONING_PROFILE = "";
			};
			name = Release;
		};
		2CF615E61C321C5D00DD31B2 /* Debug */ = {
			isa = XCBuildConfiguration;
			buildSettings = {
				BUNDLE_LOADER = "$(TEST_HOST)";
				INFOPLIST_FILE = "二维码扫描Tests/Info.plist";
				LD_RUNPATH_SEARCH_PATHS = "$(inherited) @executable_path/Frameworks @loader_path/Frameworks";
				PRODUCT_BUNDLE_IDENTIFIER = "fairy.com.-----Tests";
				PRODUCT_NAME = "$(TARGET_NAME)";
				TEST_HOST = "$(BUILT_PRODUCTS_DIR)/二维码扫描.app/二维码扫描";
			};
			name = Debug;
		};
		2CF615E71C321C5D00DD31B2 /* Release */ = {
			isa = XCBuildConfiguration;
			buildSettings = {
				BUNDLE_LOADER = "$(TEST_HOST)";
				INFOPLIST_FILE = "二维码扫描Tests/Info.plist";
				LD_RUNPATH_SEARCH_PATHS = "$(inherited) @executable_path/Frameworks @loader_path/Frameworks";
				PRODUCT_BUNDLE_IDENTIFIER = "fairy.com.-----Tests";
				PRODUCT_NAME = "$(TARGET_NAME)";
				TEST_HOST = "$(BUILT_PRODUCTS_DIR)/二维码扫描.app/二维码扫描";
			};
			name = Release;
		};
		2CF615E91C321C5D00DD31B2 /* Debug */ = {
			isa = XCBuildConfiguration;
			buildSettings = {
				INFOPLIST_FILE = "二维码扫描UITests/Info.plist";
				LD_RUNPATH_SEARCH_PATHS = "$(inherited) @executable_path/Frameworks @loader_path/Frameworks";
				PRODUCT_BUNDLE_IDENTIFIER = "fairy.com.-----UITests";
				PRODUCT_NAME = "$(TARGET_NAME)";
				TEST_TARGET_NAME = "二维码扫描";
				USES_XCTRUNNER = YES;
			};
			name = Debug;
		};
		2CF615EA1C321C5D00DD31B2 /* Release */ = {
			isa = XCBuildConfiguration;
			buildSettings = {
				INFOPLIST_FILE = "二维码扫描UITests/Info.plist";
				LD_RUNPATH_SEARCH_PATHS = "$(inherited) @executable_path/Frameworks @loader_path/Frameworks";
				PRODUCT_BUNDLE_IDENTIFIER = "fairy.com.-----UITests";
				PRODUCT_NAME = "$(TARGET_NAME)";
				TEST_TARGET_NAME = "二维码扫描";
				USES_XCTRUNNER = YES;
			};
			name = Release;
		};
/* End XCBuildConfiguration section */

/* Begin XCConfigurationList section */
		2CF615B01C321C5D00DD31B2 /* Build configuration list for PBXProject "二维码扫描" */ = {
			isa = XCConfigurationList;
			buildConfigurations = (
				2CF615E01C321C5D00DD31B2 /* Debug */,
				2CF615E11C321C5D00DD31B2 /* Release */,
			);
			defaultConfigurationIsVisible = 0;
			defaultConfigurationName = Release;
		};
		2CF615E21C321C5D00DD31B2 /* Build configuration list for PBXNativeTarget "二维码扫描" */ = {
			isa = XCConfigurationList;
			buildConfigurations = (
				2CF615E31C321C5D00DD31B2 /* Debug */,
				2CF615E41C321C5D00DD31B2 /* Release */,
			);
			defaultConfigurationIsVisible = 0;
			defaultConfigurationName = Release;
		};
		2CF615E51C321C5D00DD31B2 /* Build configuration list for PBXNativeTarget "二维码扫描Tests" */ = {
			isa = XCConfigurationList;
			buildConfigurations = (
				2CF615E61C321C5D00DD31B2 /* Debug */,
				2CF615E71C321C5D00DD31B2 /* Release */,
			);
			defaultConfigurationIsVisible = 0;
			defaultConfigurationName = Release;
		};
		2CF615E81C321C5D00DD31B2 /* Build configuration list for PBXNativeTarget "二维码扫描UITests" */ = {
			isa = XCConfigurationList;
			buildConfigurations = (
				2CF615E91C321C5D00DD31B2 /* Debug */,
				2CF615EA1C321C5D00DD31B2 /* Release */,
			);
			defaultConfigurationIsVisible = 0;
			defaultConfigurationName = Release;
		};
/* End XCConfigurationList section */
	};
	rootObject = 2CF615AD1C321C5D00DD31B2 /* Project object */;
}
